
Microsoft Visual Studio Solution File, Format Version 12.00
Project("{FAE04EC0-301F-11D3-BF4B-00C04F79EFBC}") = "KazikulovArzibekLab3", "KazikulovArzibekLab3\KazikulovArzibekLab3.csproj", "{4B6665D1-9441-4CA3-A5C4-20A477B26A99}"
EndProject
Global
	GlobalSection(SolutionConfigurationPlatforms) = preSolution
		Debug|Any CPU = Debug|Any CPU
		Release|Any CPU = Release|Any CPU
	EndGlobalSection
	GlobalSection(ProjectConfigurationPlatforms) = postSolution
		{4B6665D1-9441-4CA3-A5C4-20A477B26A99}.Debug|Any CPU.ActiveCfg = Debug|Any CPU
		{4B6665D1-9441-4CA3-A5C4-20A477B26A99}.Debug|Any CPU.Build.0 = Debug|Any CPU
		{4B6665D1-9441-4CA3-A5C4-20A477B26A99}.Release|Any CPU.ActiveCfg = Release|Any CPU
		{4B6665D1-9441-4CA3-A5C4-20A477B26A99}.Release|Any CPU.Build.0 = Release|Any CPU
	EndGlobalSection
EndGlobal
